
Microsoft Visual Studio Solution File, Format Version 12.00
# Visual Studio Version 17
VisualStudioVersion = 17.7.34031.279
MinimumVisualStudioVersion = 10.0.40219.1
Project("{9A19103F-16F7-4668-BE54-9A1E7A4F7556}") = "StudentManagement", "StudentManagement\StudentManagement.csproj", "{3B01E73E-584C-465D-BE12-49DA96FEE331}"
EndProject
Project("{9A19103F-16F7-4668-BE54-9A1E7A4F7556}") = "StudentManagement.Services", "StudentManagement.Services\StudentManagement.Services.csproj", "{3EFE40BC-4903-41B0-9359-ED5E5E7CE411}"
EndProject
Project("{FAE04EC0-301F-11D3-BF4B-00C04F79EFBC}") = "StudentMangament.Core", "StudentMangament.Core\StudentMangament.Core.csproj", "{3A33FA37-7043-41B1-9934-38D1C58C05C3}"
EndProject
Global
	GlobalSection(SolutionConfigurationPlatforms) = preSolution
		Debug|Any CPU = Debug|Any CPU
		Release|Any CPU = Release|Any CPU
	EndGlobalSection
	GlobalSection(ProjectConfigurationPlatforms) = postSolution
		{3B01E73E-584C-465D-BE12-49DA96FEE331}.Debug|Any CPU.ActiveCfg = Debug|Any CPU
		{3B01E73E-584C-465D-BE12-49DA96FEE331}.Debug|Any CPU.Build.0 = Debug|Any CPU
		{3B01E73E-584C-465D-BE12-49DA96FEE331}.Release|Any CPU.ActiveCfg = Release|Any CPU
		{3B01E73E-584C-465D-BE12-49DA96FEE331}.Release|Any CPU.Build.0 = Release|Any CPU
		{3EFE40BC-4903-41B0-9359-ED5E5E7CE411}.Debug|Any CPU.ActiveCfg = Debug|Any CPU
		{3EFE40BC-4903-41B0-9359-ED5E5E7CE411}.Debug|Any CPU.Build.0 = Debug|Any CPU
		{3EFE40BC-4903-41B0-9359-ED5E5E7CE411}.Release|Any CPU.ActiveCfg = Release|Any CPU
		{3EFE40BC-4903-41B0-9359-ED5E5E7CE411}.Release|Any CPU.Build.0 = Release|Any CPU
		{3A33FA37-7043-41B1-9934-38D1C58C05C3}.Debug|Any CPU.ActiveCfg = Debug|Any CPU
		{3A33FA37-7043-41B1-9934-38D1C58C05C3}.Debug|Any CPU.Build.0 = Debug|Any CPU
		{3A33FA37-7043-41B1-9934-38D1C58C05C3}.Release|Any CPU.ActiveCfg = Release|Any CPU
		{3A33FA37-7043-41B1-9934-38D1C58C05C3}.Release|Any CPU.Build.0 = Release|Any CPU
	EndGlobalSection
	GlobalSection(SolutionProperties) = preSolution
		HideSolutionNode = FALSE
	EndGlobalSection
	GlobalSection(ExtensibilityGlobals) = postSolution
		SolutionGuid = {0B9DD257-7A14-4153-919A-C43035BAF9B3}
	EndGlobalSection
EndGlobal
